
Microsoft Visual Studio Solution File, Format Version 12.00
# Visual Studio Version 17
VisualStudioVersion = 17.7.34003.232
MinimumVisualStudioVersion = 10.0.40219.1
Project("{FAE04EC0-301F-11D3-BF4B-00C04F79EFBC}") = "KawaiiAPI.NET", "KawaiiAPI.NET.csproj", "{A6ADB54E-DECF-4480-A4C0-1E1910FAD6DB}"
EndProject
Global
	GlobalSection(SolutionConfigurationPlatforms) = preSolution
		Debug|Any CPU = Debug|Any CPU
		Release|Any CPU = Release|Any CPU
	EndGlobalSection
	GlobalSection(ProjectConfigurationPlatforms) = postSolution
		{A6ADB54E-DECF-4480-A4C0-1E1910FAD6DB}.Debug|Any CPU.ActiveCfg = Debug|Any CPU
		{A6ADB54E-DECF-4480-A4C0-1E1910FAD6DB}.Debug|Any CPU.Build.0 = Debug|Any CPU
		{A6ADB54E-DECF-4480-A4C0-1E1910FAD6DB}.Release|Any CPU.ActiveCfg = Release|Any CPU
		{A6ADB54E-DECF-4480-A4C0-1E1910FAD6DB}.Release|Any CPU.Build.0 = Release|Any CPU
	EndGlobalSection
	GlobalSection(SolutionProperties) = preSolution
		HideSolutionNode = FALSE
	EndGlobalSection
	GlobalSection(ExtensibilityGlobals) = postSolution
		SolutionGuid = {45C0196B-A0AC-4428-8738-5021F03D07FE}
	EndGlobalSection
EndGlobal
